
Microsoft Visual Studio Solution File, Format Version 12.00
# Visual Studio Version 16
VisualStudioVersion = 16.0.31624.102
MinimumVisualStudioVersion = 10.0.40219.1
Project("{FAE04EC0-301F-11D3-BF4B-00C04F79EFBC}") = "Voltage_Convertor_App", "Voltage_Convertor_App\Voltage_Convertor_App.csproj", "{E30EC198-7843-4592-98FF-80C7F1A566D1}"
EndProject
Global
	GlobalSection(SolutionConfigurationPlatforms) = preSolution
		Debug|Any CPU = Debug|Any CPU
		Release|Any CPU = Release|Any CPU
	EndGlobalSection
	GlobalSection(ProjectConfigurationPlatforms) = postSolution
		{E30EC198-7843-4592-98FF-80C7F1A566D1}.Debug|Any CPU.ActiveCfg = Debug|Any CPU
		{E30EC198-7843-4592-98FF-80C7F1A566D1}.Debug|Any CPU.Build.0 = Debug|Any CPU
		{E30EC198-7843-4592-98FF-80C7F1A566D1}.Release|Any CPU.ActiveCfg = Release|Any CPU
		{E30EC198-7843-4592-98FF-80C7F1A566D1}.Release|Any CPU.Build.0 = Release|Any CPU
	EndGlobalSection
	GlobalSection(SolutionProperties) = preSolution
		HideSolutionNode = FALSE
	EndGlobalSection
	GlobalSection(ExtensibilityGlobals) = postSolution
		SolutionGuid = {7CC145F5-0F8C-4780-B713-4824332C8E22}
	EndGlobalSection
EndGlobal
